// !$*UTF8*$!
{
	archiveVersion = 1;
	classes = {
	};
	objectVersion = 46;
	objects = {

/* Begin PBXBuildFile section */
		83A34C151C3D9BBF00186F38 /* AppDelegate.swift in Sources */ = {isa = PBXBuildFile; fileRef = 83A34C141C3D9BBF00186F38 /* AppDelegate.swift */; };
		83A34C181C3D9BBF00186F38 /* Task.xcdatamodeld in Sources */ = {isa = PBXBuildFile; fileRef = 83A34C161C3D9BBF00186F38 /* Task.xcdatamodeld */; };
		83A34C1A1C3D9BBF00186F38 /* TeamsViewController.swift in Sources */ = {isa = PBXBuildFile; fileRef = 83A34C191C3D9BBF00186F38 /* TeamsViewController.swift */; };
		83A34C1D1C3D9BBF00186F38 /* Main.storyboard in Resources */ = {isa = PBXBuildFile; fileRef = 83A34C1B1C3D9BBF00186F38 /* Main.storyboard */; };
		83A34C1F1C3D9BBF00186F38 /* Images.xcassets in Resources */ = {isa = PBXBuildFile; fileRef = 83A34C1E1C3D9BBF00186F38 /* Images.xcassets */; };
		83A34C221C3D9BBF00186F38 /* LaunchScreen.xib in Resources */ = {isa = PBXBuildFile; fileRef = 83A34C201C3D9BBF00186F38 /* LaunchScreen.xib */; };
		83A34C2E1C3D9BBF00186F38 /* TaskTests.swift in Sources */ = {isa = PBXBuildFile; fileRef = 83A34C2D1C3D9BBF00186F38 /* TaskTests.swift */; };
		83A34C381C3D9EFE00186F38 /* CheckNetwork.swift in Sources */ = {isa = PBXBuildFile; fileRef = 83A34C371C3D9EFE00186F38 /* CheckNetwork.swift */; };
		83A34C3C1C3DA78300186F38 /* CustomCellTableTeams.swift in Sources */ = {isa = PBXBuildFile; fileRef = 83A34C3B1C3DA78300186F38 /* CustomCellTableTeams.swift */; };
		83A34C711C3DC3F100186F38 /* TeamViewController.swift in Sources */ = {isa = PBXBuildFile; fileRef = 83A34C701C3DC3F100186F38 /* TeamViewController.swift */; };
		83A34C731C40245A00186F38 /* CustomCellTableTeam.swift in Sources */ = {isa = PBXBuildFile; fileRef = 83A34C721C40245A00186F38 /* CustomCellTableTeam.swift */; };
/* End PBXBuildFile section */

/* Begin PBXContainerItemProxy section */
		83A34C281C3D9BBF00186F38 /* PBXContainerItemProxy */ = {
			isa = PBXContainerItemProxy;
			containerPortal = 83A34C071C3D9BBE00186F38 /* Project object */;
			proxyType = 1;
			remoteGlobalIDString = 83A34C0E1C3D9BBF00186F38;
			remoteInfo = Task;
		};
/* End PBXContainerItemProxy section */

/* Begin PBXFileReference section */
		83A34C0F1C3D9BBF00186F38 /* Task.app */ = {isa = PBXFileReference; explicitFileType = wrapper.application; includeInIndex = 0; path = Task.app; sourceTree = BUILT_PRODUCTS_DIR; };
		83A34C131C3D9BBF00186F38 /* Info.plist */ = {isa = PBXFileReference; lastKnownFileType = text.plist.xml; path = Info.plist; sourceTree = "<group>"; };
		83A34C141C3D9BBF00186F38 /* AppDelegate.swift */ = {isa = PBXFileReference; lastKnownFileType = sourcecode.swift; path = AppDelegate.swift; sourceTree = "<group>"; };
		83A34C171C3D9BBF00186F38 /* Task.xcdatamodel */ = {isa = PBXFileReference; lastKnownFileType = wrapper.xcdatamodel; path = Task.xcdatamodel; sourceTree = "<group>"; };
		83A34C191C3D9BBF00186F38 /* TeamsViewController.swift */ = {isa = PBXFileReference; lastKnownFileType = sourcecode.swift; path = TeamsViewController.swift; sourceTree = "<group>"; };
		83A34C1C1C3D9BBF00186F38 /* Base */ = {isa = PBXFileReference; lastKnownFileType = file.storyboard; name = Base; path = Base.lproj/Main.storyboard; sourceTree = "<group>"; };
		83A34C1E1C3D9BBF00186F38 /* Images.xcassets */ = {isa = PBXFileReference; lastKnownFileType = folder.assetcatalog; path = Images.xcassets; sourceTree = "<group>"; };
		83A34C211C3D9BBF00186F38 /* Base */ = {isa = PBXFileReference; lastKnownFileType = file.xib; name = Base; path = Base.lproj/LaunchScreen.xib; sourceTree = "<group>"; };
		83A34C271C3D9BBF00186F38 /* TaskTests.xctest */ = {isa = PBXFileReference; explicitFileType = wrapper.cfbundle; includeInIndex = 0; path = TaskTests.xctest; sourceTree = BUILT_PRODUCTS_DIR; };
		83A34C2C1C3D9BBF00186F38 /* Info.plist */ = {isa = PBXFileReference; lastKnownFileType = text.plist.xml; path = Info.plist; sourceTree = "<group>"; };
		83A34C2D1C3D9BBF00186F38 /* TaskTests.swift */ = {isa = PBXFileReference; lastKnownFileType = sourcecode.swift; path = TaskTests.swift; sourceTree = "<group>"; };
		83A34C371C3D9EFE00186F38 /* CheckNetwork.swift */ = {isa = PBXFileReference; fileEncoding = 4; lastKnownFileType = sourcecode.swift; path = CheckNetwork.swift; sourceTree = "<group>"; };
		83A34C3B1C3DA78300186F38 /* CustomCellTableTeams.swift */ = {isa = PBXFileReference; fileEncoding = 4; lastKnownFileType = sourcecode.swift; path = CustomCellTableTeams.swift; sourceTree = "<group>"; };
		83A34C701C3DC3F100186F38 /* TeamViewController.swift */ = {isa = PBXFileReference; fileEncoding = 4; lastKnownFileType = sourcecode.swift; path = TeamViewController.swift; sourceTree = "<group>"; };
		83A34C721C40245A00186F38 /* CustomCellTableTeam.swift */ = {isa = PBXFileReference; fileEncoding = 4; lastKnownFileType = sourcecode.swift; path = CustomCellTableTeam.swift; sourceTree = "<group>"; };
/* End PBXFileReference section */

/* Begin PBXFrameworksBuildPhase section */
		83A34C0C1C3D9BBF00186F38 /* Frameworks */ = {
			isa = PBXFrameworksBuildPhase;
			buildActionMask = 2147483647;
			files = (
			);
			runOnlyForDeploymentPostprocessing = 0;
		};
		83A34C241C3D9BBF00186F38 /* Frameworks */ = {
			isa = PBXFrameworksBuildPhase;
			buildActionMask = 2147483647;
			files = (
			);
			runOnlyForDeploymentPostprocessing = 0;
		};
/* End PBXFrameworksBuildPhase section */

/* Begin PBXGroup section */
		83A34C061C3D9BBE00186F38 = {
			isa = PBXGroup;
			children = (
				83A34C111C3D9BBF00186F38 /* Task */,
				83A34C2A1C3D9BBF00186F38 /* TaskTests */,
				83A34C101C3D9BBF00186F38 /* Products */,
			);
			sourceTree = "<group>";
		};
		83A34C101C3D9BBF00186F38 /* Products */ = {
			isa = PBXGroup;
			children = (
				83A34C0F1C3D9BBF00186F38 /* Task.app */,
				83A34C271C3D9BBF00186F38 /* TaskTests.xctest */,
			);
			name = Products;
			sourceTree = "<group>";
		};
		83A34C111C3D9BBF00186F38 /* Task */ = {
			isa = PBXGroup;
			children = (
				83A34C6F1C3DC3DC00186F38 /* Team */,
				83A34C3D1C3DA7F300186F38 /* Teams */,
				83A34C141C3D9BBF00186F38 /* AppDelegate.swift */,
				83A34C371C3D9EFE00186F38 /* CheckNetwork.swift */,
				83A34C1B1C3D9BBF00186F38 /* Main.storyboard */,
				83A34C1E1C3D9BBF00186F38 /* Images.xcassets */,
				83A34C201C3D9BBF00186F38 /* LaunchScreen.xib */,
				83A34C161C3D9BBF00186F38 /* Task.xcdatamodeld */,
				83A34C121C3D9BBF00186F38 /* Supporting Files */,
			);
			path = Task;
			sourceTree = "<group>";
		};
		83A34C121C3D9BBF00186F38 /* Supporting Files */ = {
			isa = PBXGroup;
			children = (
				83A34C131C3D9BBF00186F38 /* Info.plist */,
			);
			name = "Supporting Files";
			sourceTree = "<group>";
		};
		83A34C2A1C3D9BBF00186F38 /* TaskTests */ = {
			isa = PBXGroup;
			children = (
				83A34C2D1C3D9BBF00186F38 /* TaskTests.swift */,
				83A34C2B1C3D9BBF00186F38 /* Supporting Files */,
			);
			path = TaskTests;
			sourceTree = "<group>";
		};
		83A34C2B1C3D9BBF00186F38 /* Supporting Files */ = {
			isa = PBXGroup;
			children = (
				83A34C2C1C3D9BBF00186F38 /* Info.plist */,
			);
			name = "Supporting Files";
			sourceTree = "<group>";
		};
		83A34C3D1C3DA7F300186F38 /* Teams */ = {
			isa = PBXGroup;
			children = (
				83A34C191C3D9BBF00186F38 /* TeamsViewController.swift */,
				83A34C3B1C3DA78300186F38 /* CustomCellTableTeams.swift */,
			);
			name = Teams;
			sourceTree = "<group>";
		};
		83A34C6F1C3DC3DC00186F38 /* Team */ = {
			isa = PBXGroup;
			children = (
				83A34C701C3DC3F100186F38 /* TeamViewController.swift */,
				83A34C721C40245A00186F38 /* CustomCellTableTeam.swift */,
			);
			name = Team;
			sourceTree = "<group>";
		};
/* End PBXGroup section */

/* Begin PBXNativeTarget section */
		83A34C0E1C3D9BBF00186F38 /* Task */ = {
			isa = PBXNativeTarget;
			buildConfigurationList = 83A34C311C3D9BBF00186F38 /* Build configuration list for PBXNativeTarget "Task" */;
			buildPhases = (
				83A34C0B1C3D9BBF00186F38 /* Sources */,
				83A34C0C1C3D9BBF00186F38 /* Frameworks */,
				83A34C0D1C3D9BBF00186F38 /* Resources */,
			);
			buildRules = (
			);
			dependencies = (
			);
			name = Task;
			productName = Task;
			productReference = 83A34C0F1C3D9BBF00186F38 /* Task.app */;
			productType = "com.apple.product-type.application";
		};
		83A34C261C3D9BBF00186F38 /* TaskTests */ = {
			isa = PBXNativeTarget;
			buildConfigurationList = 83A34C341C3D9BBF00186F38 /* Build configuration list for PBXNativeTarget "TaskTests" */;
			buildPhases = (
				83A34C231C3D9BBF00186F38 /* Sources */,
				83A34C241C3D9BBF00186F38 /* Frameworks */,
				83A34C251C3D9BBF00186F38 /* Resources */,
			);
			buildRules = (
			);
			dependencies = (
				83A34C291C3D9BBF00186F38 /* PBXTargetDependency */,
			);
			name = TaskTests;
			productName = TaskTests;
			productReference = 83A34C271C3D9BBF00186F38 /* TaskTests.xctest */;
			productType = "com.apple.product-type.bundle.unit-test";
		};
/* End PBXNativeTarget section */

/* Begin PBXProject section */
		83A34C071C3D9BBE00186F38 /* Project object */ = {
			isa = PBXProject;
			attributes = {
				LastUpgradeCheck = 0640;
				ORGANIZATIONNAME = "Bola Fayez";
				TargetAttributes = {
					83A34C0E1C3D9BBF00186F38 = {
						CreatedOnToolsVersion = 6.4;
					};
					83A34C261C3D9BBF00186F38 = {
						CreatedOnToolsVersion = 6.4;
						TestTargetID = 83A34C0E1C3D9BBF00186F38;
					};
				};
			};
			buildConfigurationList = 83A34C0A1C3D9BBF00186F38 /* Build configuration list for PBXProject "Task" */;
			compatibilityVersion = "Xcode 3.2";
			developmentRegion = English;
			hasScannedForEncodings = 0;
			knownRegions = (
				en,
				Base,
			);
			mainGroup = 83A34C061C3D9BBE00186F38;
			productRefGroup = 83A34C101C3D9BBF00186F38 /* Products */;
			projectDirPath = "";
			projectRoot = "";
			targets = (
				83A34C0E1C3D9BBF00186F38 /* Task */,
				83A34C261C3D9BBF00186F38 /* TaskTests */,
			);
		};
/* End PBXProject section */

/* Begin PBXResourcesBuildPhase section */
		83A34C0D1C3D9BBF00186F38 /* Resources */ = {
			isa = PBXResourcesBuildPhase;
			buildActionMask = 2147483647;
			files = (
				83A34C1D1C3D9BBF00186F38 /* Main.storyboard in Resources */,
				83A34C221C3D9BBF00186F38 /* LaunchScreen.xib in Resources */,
				83A34C1F1C3D9BBF00186F38 /* Images.xcassets in Resources */,
			);
			runOnlyForDeploymentPostprocessing = 0;
		};
		83A34C251C3D9BBF00186F38 /* Resources */ = {
			isa = PBXResourcesBuildPhase;
			buildActionMask = 2147483647;
			files = (
			);
			runOnlyForDeploymentPostprocessing = 0;
		};
/* End PBXResourcesBuildPhase section */

/* Begin PBXSourcesBuildPhase section */
		83A34C0B1C3D9BBF00186F38 /* Sources */ = {
			isa = PBXSourcesBuildPhase;
			buildActionMask = 2147483647;
			files = (
				83A34C1A1C3D9BBF00186F38 /* TeamsViewController.swift in Sources */,
				83A34C731C40245A00186F38 /* CustomCellTableTeam.swift in Sources */,
				83A34C711C3DC3F100186F38 /* TeamViewController.swift in Sources */,
				83A34C381C3D9EFE00186F38 /* CheckNetwork.swift in Sources */,
				83A34C181C3D9BBF00186F38 /* Task.xcdatamodeld in Sources */,
				83A34C151C3D9BBF00186F38 /* AppDelegate.swift in Sources */,
				83A34C3C1C3DA78300186F38 /* CustomCellTableTeams.swift in Sources */,
			);
			runOnlyForDeploymentPostprocessing = 0;
		};
		83A34C231C3D9BBF00186F38 /* Sources */ = {
			isa = PBXSourcesBuildPhase;
			buildActionMask = 2147483647;
			files = (
				83A34C2E1C3D9BBF00186F38 /* TaskTests.swift in Sources */,
			);
			runOnlyForDeploymentPostprocessing = 0;
		};
/* End PBXSourcesBuildPhase section */

/* Begin PBXTargetDependency section */
		83A34C291C3D9BBF00186F38 /* PBXTargetDependency */ = {
			isa = PBXTargetDependency;
			target = 83A34C0E1C3D9BBF00186F38 /* Task */;
			targetProxy = 83A34C281C3D9BBF00186F38 /* PBXContainerItemProxy */;
		};
/* End PBXTargetDependency section */

/* Begin PBXVariantGroup section */
		83A34C1B1C3D9BBF00186F38 /* Main.storyboard */ = {
			isa = PBXVariantGroup;
			children = (
				83A34C1C1C3D9BBF00186F38 /* Base */,
			);
			name = Main.storyboard;
			sourceTree = "<group>";
		};
		83A34C201C3D9BBF00186F38 /* LaunchScreen.xib */ = {
			isa = PBXVariantGroup;
			children = (
				83A34C211C3D9BBF00186F38 /* Base */,
			);
			name = LaunchScreen.xib;
			sourceTree = "<group>";
		};
/* End PBXVariantGroup section */

/* Begin XCBuildConfiguration section */
		83A34C2F1C3D9BBF00186F38 /* Debug */ = {
			isa = XCBuildConfiguration;
			buildSettings = {
				ALWAYS_SEARCH_USER_PATHS = NO;
				CLANG_CXX_LANGUAGE_STANDARD = "gnu++0x";
				CLANG_CXX_LIBRARY = "libc++";
				CLANG_ENABLE_MODULES = YES;
				CLANG_ENABLE_OBJC_ARC = YES;
				CLANG_WARN_BOOL_CONVERSION = YES;
				CLANG_WARN_CONSTANT_CONVERSION = YES;
				CLANG_WARN_DIRECT_OBJC_ISA_USAGE = YES_ERROR;
				CLANG_WARN_EMPTY_BODY = YES;
				CLANG_WARN_ENUM_CONVERSION = YES;
				CLANG_WARN_INT_CONVERSION = YES;
				CLANG_WARN_OBJC_ROOT_CLASS = YES_ERROR;
				CLANG_WARN_UNREACHABLE_CODE = YES;
				CLANG_WARN__DUPLICATE_METHOD_MATCH = YES;
				"CODE_SIGN_IDENTITY[sdk=iphoneos*]" = "iPhone Developer";
				COPY_PHASE_STRIP = NO;
				DEBUG_INFORMATION_FORMAT = "dwarf-with-dsym";
				ENABLE_STRICT_OBJC_MSGSEND = YES;
				GCC_C_LANGUAGE_STANDARD = gnu99;
				GCC_DYNAMIC_NO_PIC = NO;
				GCC_NO_COMMON_BLOCKS = YES;
				GCC_OPTIMIZATION_LEVEL = 0;
				GCC_PREPROCESSOR_DEFINITIONS = (
					"DEBUG=1",
					"$(inherited)",
				);
				GCC_SYMBOLS_PRIVATE_EXTERN = NO;
				GCC_WARN_64_TO_32_BIT_CONVERSION = YES;
				GCC_WARN_ABOUT_RETURN_TYPE = YES_ERROR;
				GCC_WARN_UNDECLARED_SELECTOR = YES;
				GCC_WARN_UNINITIALIZED_AUTOS = YES_AGGRESSIVE;
				GCC_WARN_UNUSED_FUNCTION = YES;
				GCC_WARN_UNUSED_VARIABLE = YES;
				IPHONEOS_DEPLOYMENT_TARGET = 8.4;
				MTL_ENABLE_DEBUG_INFO = YES;
				ONLY_ACTIVE_ARCH = YES;
				SDKROOT = iphoneos;
				SWIFT_OPTIMIZATION_LEVEL = "-Onone";
			};
			name = Debug;
		};
		83A34C301C3D9BBF00186F38 /* Release */ = {
			isa = XCBuildConfiguration;
			buildSettings = {
				ALWAYS_SEARCH_USER_PATHS = NO;
				CLANG_CXX_LANGUAGE_STANDARD = "gnu++0x";
				CLANG_CXX_LIBRARY = "libc++";
				CLANG_ENABLE_MODULES = YES;
				CLANG_ENABLE_OBJC_ARC = YES;
				CLANG_WARN_BOOL_CONVERSION = YES;
				CLANG_WARN_CONSTANT_CONVERSION = YES;
				CLANG_WARN_DIRECT_OBJC_ISA_USAGE = YES_ERROR;
				CLANG_WARN_EMPTY_BODY = YES;
				CLANG_WARN_ENUM_CONVERSION = YES;
				CLANG_WARN_INT_CONVERSION = YES;
				CLANG_WARN_OBJC_ROOT_CLASS = YES_ERROR;
				CLANG_WARN_UNREACHABLE_CODE = YES;
				CLANG_WARN__DUPLICATE_METHOD_MATCH = YES;
				"CODE_SIGN_IDENTITY[sdk=iphoneos*]" = "iPhone Developer";
				COPY_PHASE_STRIP = NO;
				DEBUG_INFORMATION_FORMAT = "dwarf-with-dsym";
				ENABLE_NS_ASSERTIONS = NO;
				ENABLE_STRICT_OBJC_MSGSEND = YES;
				GCC_C_LANGUAGE_STANDARD = gnu99;
				GCC_NO_COMMON_BLOCKS = YES;
				GCC_WARN_64_TO_32_BIT_CONVERSION = YES;
				GCC_WARN_ABOUT_RETURN_TYPE = YES_ERROR;
				GCC_WARN_UNDECLARED_SELECTOR = YES;
				GCC_WARN_UNINITIALIZED_AUTOS = YES_AGGRESSIVE;
				GCC_WARN_UNUSED_FUNCTION = YES;
				GCC_WARN_UNUSED_VARIABLE = YES;
				IPHONEOS_DEPLOYMENT_TARGET = 8.4;
				MTL_ENABLE_DEBUG_INFO = NO;
				SDKROOT = iphoneos;
				VALIDATE_PRODUCT = YES;
			};
			name = Release;
		};
		83A34C321C3D9BBF00186F38 /* Debug */ = {
			isa = XCBuildConfiguration;
			buildSettings = {
				ASSETCATALOG_COMPILER_APPICON_NAME = AppIcon;
				INFOPLIST_FILE = Task/Info.plist;
				LD_RUNPATH_SEARCH_PATHS = "$(inherited) @executable_path/Frameworks";
				PRODUCT_NAME = "$(TARGET_NAME)";
			};
			name = Debug;
		};
		83A34C331C3D9BBF00186F38 /* Release */ = {
			isa = XCBuildConfiguration;
			buildSettings = {
				ASSETCATALOG_COMPILER_APPICON_NAME = AppIcon;
				INFOPLIST_FILE = Task/Info.plist;
				LD_RUNPATH_SEARCH_PATHS = "$(inherited) @executable_path/Frameworks";
				PRODUCT_NAME = "$(TARGET_NAME)";
			};
			name = Release;
		};
		83A34C351C3D9BBF00186F38 /* Debug */ = {
			isa = XCBuildConfiguration;
			buildSettings = {
				BUNDLE_LOADER = "$(TEST_HOST)";
				FRAMEWORK_SEARCH_PATHS = (
					"$(SDKROOT)/Developer/Library/Frameworks",
					"$(inherited)",
				);
				GCC_PREPROCESSOR_DEFINITIONS = (
					"DEBUG=1",
					"$(inherited)",
				);
				INFOPLIST_FILE = TaskTests/Info.plist;
				LD_RUNPATH_SEARCH_PATHS = "$(inherited) @executable_path/Frameworks @loader_path/Frameworks";
				PRODUCT_NAME = "$(TARGET_NAME)";
				TEST_HOST = "$(BUILT_PRODUCTS_DIR)/Task.app/Task";
			};
			name = Debug;
		};
		83A34C361C3D9BBF00186F38 /* Release */ = {
			isa = XCBuildConfiguration;
			buildSettings = {
				BUNDLE_LOADER = "$(TEST_HOST)";
				FRAMEWORK_SEARCH_PATHS = (
					"$(SDKROOT)/Developer/Library/Frameworks",
					"$(inherited)",
				);
				INFOPLIST_FILE = TaskTests/Info.plist;
				LD_RUNPATH_SEARCH_PATHS = "$(inherited) @executable_path/Frameworks @loader_path/Frameworks";
				PRODUCT_NAME = "$(TARGET_NAME)";
				TEST_HOST = "$(BUILT_PRODUCTS_DIR)/Task.app/Task";
			};
			name = Release;
		};
/* End XCBuildConfiguration section */

/* Begin XCConfigurationList section */
		83A34C0A1C3D9BBF00186F38 /* Build configuration list for PBXProject "Task" */ = {
			isa = XCConfigurationList;
			buildConfigurations = (
				83A34C2F1C3D9BBF00186F38 /* Debug */,
				83A34C301C3D9BBF00186F38 /* Release */,
			);
			defaultConfigurationIsVisible = 0;
			defaultConfigurationName = Release;
		};
		83A34C311C3D9BBF00186F38 /* Build configuration list for PBXNativeTarget "Task" */ = {
			isa = XCConfigurationList;
			buildConfigurations = (
				83A34C321C3D9BBF00186F38 /* Debug */,
				83A34C331C3D9BBF00186F38 /* Release */,
			);
			defaultConfigurationIsVisible = 0;
		};
		83A34C341C3D9BBF00186F38 /* Build configuration list for PBXNativeTarget "TaskTests" */ = {
			isa = XCConfigurationList;
			buildConfigurations = (
				83A34C351C3D9BBF00186F38 /* Debug */,
				83A34C361C3D9BBF00186F38 /* Release */,
			);
			defaultConfigurationIsVisible = 0;
		};
/* End XCConfigurationList section */

/* Begin XCVersionGroup section */
		83A34C161C3D9BBF00186F38 /* Task.xcdatamodeld */ = {
			isa = XCVersionGroup;
			children = (
				83A34C171C3D9BBF00186F38 /* Task.xcdatamodel */,
			);
			currentVersion = 83A34C171C3D9BBF00186F38 /* Task.xcdatamodel */;
			path = Task.xcdatamodeld;
			sourceTree = "<group>";
			versionGroupType = wrapper.xcdatamodel;
		};
/* End XCVersionGroup section */
	};
	rootObject = 83A34C071C3D9BBE00186F38 /* Project object */;
}
